
Microsoft Visual Studio Solution File, Format Version 12.00
# Visual Studio 15
VisualStudioVersion = 15.0.28307.168
MinimumVisualStudioVersion = 10.0.40219.1
Project("{888888A0-9F3D-457C-B088-3A5042F75D52}") = "Proyecto_Pong", "Proyecto_Pong\Proyecto_Pong.pyproj", "{40C61F6E-3B79-436C-971A-4195489F941B}"
EndProject
Global
	GlobalSection(SolutionConfigurationPlatforms) = preSolution
		Debug|Any CPU = Debug|Any CPU
		Release|Any CPU = Release|Any CPU
	EndGlobalSection
	GlobalSection(ProjectConfigurationPlatforms) = postSolution
		{40C61F6E-3B79-436C-971A-4195489F941B}.Debug|Any CPU.ActiveCfg = Debug|Any CPU
		{40C61F6E-3B79-436C-971A-4195489F941B}.Release|Any CPU.ActiveCfg = Release|Any CPU
	EndGlobalSection
	GlobalSection(SolutionProperties) = preSolution
		HideSolutionNode = FALSE
	EndGlobalSection
	GlobalSection(ExtensibilityGlobals) = postSolution
		SolutionGuid = {24CC1294-0636-47B4-BC3F-5330A7BC0E91}
	EndGlobalSection
EndGlobal
